# This file is automatically @generated by Poetry 1.8.3 and should not be changed by hand.

[[package]]
name = "firepup650"
version = "1.0.44"
description = "Package containing various shorthand things I use, and a few imports I almost always use"
optional = false
python-versions = "<4.0,>=3.8"
files = [
    {file = "firepup650-1.0.44-py3-none-any.whl", hash = "sha256:cace812e434935dc09df6f76caabb5662391b0ab4638bcce89e518e2cd426ab5"},
    {file = "firepup650-1.0.44.tar.gz", hash = "sha256:09020c7e195e9fafe34dd85b0d31092da7ecc716d56ea22497629ccd5916ed86"},
]

[package.dependencies]
fkeycapture = ">=1.2.7,<2.0.0"
fpsql = ">=1,<1.0.26 || >1.0.26,<2"

[[package]]
name = "fkeycapture"
version = "1.2.7"
description = "A way to capture keystrokes"
optional = false
python-versions = ">=3.8,<4.0"
files = [
    {file = "fkeycapture-1.2.7-py3-none-any.whl", hash = "sha256:c09cb715ccf2b9dfc25ecd39bffaf8fa794bc07410f666ac2ec15ebebebaabef"},
    {file = "fkeycapture-1.2.7.tar.gz", hash = "sha256:5ef9c90aec0420a2e462420a2bc8076a50ffd8566a9a022ac171c0e508f1d58d"},
]

[[package]]
name = "fpsql"
version = "1.0.5"
description = "An easy to use SQLite package"
optional = false
python-versions = ">=3.8,<4.0"
files = [
    {file = "fpsql-1.0.5-py3-none-any.whl", hash = "sha256:a31f4bf99d44c0095a8246bfd78bd39cf96d9b3591363a3f6538ca40914679a4"},
    {file = "fpsql-1.0.5.tar.gz", hash = "sha256:647d148c5a17bca3a147a3bb281cc12dfc36f6f3f3652f22a1b2a1a3b7367c93"},
]

[metadata]
lock-version = "2.0"
python-versions = "^3.11"
content-hash = "02f127c5d0ab7f7e38c3e964555505cab3398a835f214257d1923cd547cf96fd"
